
Microsoft Visual Studio Solution File, Format Version 12.00
# Visual Studio Version 16
VisualStudioVersion = 16.0.28714.193
MinimumVisualStudioVersion = 10.0.40219.1
Project("{FAE04EC0-301F-11D3-BF4B-00C04F79EFBC}") = "RabbitMQ", "RabbitMQ\RabbitMQ.csproj", "{5A9C12CE-FC21-47D2-9F3E-F1BD92922BFC}"
EndProject
Project("{FAE04EC0-301F-11D3-BF4B-00C04F79EFBC}") = "RabbitMQ.Consumer", "RabbitMQ.Consumer\RabbitMQ.Consumer.csproj", "{561E81B2-21E6-4CFB-B599-52CE36215FAC}"
EndProject
Project("{FAE04EC0-301F-11D3-BF4B-00C04F79EFBC}") = "RabbitMQ.Publish", "RabbitMQ.Publish\RabbitMQ.Publish.csproj", "{DDAF1F29-57D4-41E3-9627-ED0BBCB3D0B8}"
EndProject
Global
	GlobalSection(SolutionConfigurationPlatforms) = preSolution
		Debug|Any CPU = Debug|Any CPU
		Release|Any CPU = Release|Any CPU
	EndGlobalSection
	GlobalSection(ProjectConfigurationPlatforms) = postSolution
		{5A9C12CE-FC21-47D2-9F3E-F1BD92922BFC}.Debug|Any CPU.ActiveCfg = Debug|Any CPU
		{5A9C12CE-FC21-47D2-9F3E-F1BD92922BFC}.Debug|Any CPU.Build.0 = Debug|Any CPU
		{5A9C12CE-FC21-47D2-9F3E-F1BD92922BFC}.Release|Any CPU.ActiveCfg = Release|Any CPU
		{5A9C12CE-FC21-47D2-9F3E-F1BD92922BFC}.Release|Any CPU.Build.0 = Release|Any CPU
		{561E81B2-21E6-4CFB-B599-52CE36215FAC}.Debug|Any CPU.ActiveCfg = Debug|Any CPU
		{561E81B2-21E6-4CFB-B599-52CE36215FAC}.Debug|Any CPU.Build.0 = Debug|Any CPU
		{561E81B2-21E6-4CFB-B599-52CE36215FAC}.Release|Any CPU.ActiveCfg = Release|Any CPU
		{561E81B2-21E6-4CFB-B599-52CE36215FAC}.Release|Any CPU.Build.0 = Release|Any CPU
		{DDAF1F29-57D4-41E3-9627-ED0BBCB3D0B8}.Debug|Any CPU.ActiveCfg = Debug|Any CPU
		{DDAF1F29-57D4-41E3-9627-ED0BBCB3D0B8}.Debug|Any CPU.Build.0 = Debug|Any CPU
		{DDAF1F29-57D4-41E3-9627-ED0BBCB3D0B8}.Release|Any CPU.ActiveCfg = Release|Any CPU
		{DDAF1F29-57D4-41E3-9627-ED0BBCB3D0B8}.Release|Any CPU.Build.0 = Release|Any CPU
	EndGlobalSection
	GlobalSection(SolutionProperties) = preSolution
		HideSolutionNode = FALSE
	EndGlobalSection
	GlobalSection(ExtensibilityGlobals) = postSolution
		SolutionGuid = {331EE8FF-2C2B-42B0-9732-E0078EA7E791}
	EndGlobalSection
EndGlobal
